
Microsoft Visual Studio Solution File, Format Version 12.00
# Visual Studio 15
Project("{FAE04EC0-301F-11D3-BF4B-00C04F79EFBC}") = "Microsoft.MixedReality.Toolkit", "Microsoft.MixedReality.Toolkit.csproj", "{79B9443B-F3FF-6E3A-268B-94C7A1E4C087}"
EndProject
Project("{FAE04EC0-301F-11D3-BF4B-00C04F79EFBC}") = "Microsoft.MixedReality.Toolkit.SDK", "Microsoft.MixedReality.Toolkit.SDK.csproj", "{5C93D92C-A879-6080-5E21-AA11950D45FC}"
EndProject
Project("{FAE04EC0-301F-11D3-BF4B-00C04F79EFBC}") = "Assembly-CSharp", "Assembly-CSharp.csproj", "{68C448FB-29D4-B94B-EFF1-27CFE6DFEDF7}"
EndProject
Project("{FAE04EC0-301F-11D3-BF4B-00C04F79EFBC}") = "Microsoft.MixedReality.Toolkit.Core.Utilities.Async", "Microsoft.MixedReality.Toolkit.Core.Utilities.Async.csproj", "{C5391D26-C77E-E1FA-18E3-2636A95D5E8F}"
EndProject
Project("{FAE04EC0-301F-11D3-BF4B-00C04F79EFBC}") = "Microsoft.MixedReality.Toolkit.InputSystem", "Microsoft.MixedReality.Toolkit.InputSystem.csproj", "{59A0F5A0-7261-4A1A-09B4-6FCE6E72D2F2}"
EndProject
Project("{FAE04EC0-301F-11D3-BF4B-00C04F79EFBC}") = "Microsoft.MixedReality.Toolkit.Core.Inspectors", "Microsoft.MixedReality.Toolkit.Core.Inspectors.csproj", "{E37B2974-B0A3-9AB6-A2D5-7FC18FDBAF30}"
EndProject
Project("{FAE04EC0-301F-11D3-BF4B-00C04F79EFBC}") = "Microsoft.MixedReality.Toolkit.SDK.Inspectors", "Microsoft.MixedReality.Toolkit.SDK.Inspectors.csproj", "{FFEFB666-7B1C-44F1-0483-47AFE08BD83E}"
EndProject
Project("{FAE04EC0-301F-11D3-BF4B-00C04F79EFBC}") = "Microsoft.MixedReality.Toolkit.Core.Utilities.Editor", "Microsoft.MixedReality.Toolkit.Core.Utilities.Editor.csproj", "{E2778B43-6D1C-90D9-5A65-EA0D64E3B128}"
EndProject
Project("{FAE04EC0-301F-11D3-BF4B-00C04F79EFBC}") = "Microsoft.MixedReality.Toolkit.Core.Build", "Microsoft.MixedReality.Toolkit.Core.Build.csproj", "{896FE200-14D2-FB2E-32FF-4A59DFBD23ED}"
EndProject
Project("{FAE04EC0-301F-11D3-BF4B-00C04F79EFBC}") = "Microsoft.MixedReality.Toolkit.Core.Definitions.Utilities.Editor", "Microsoft.MixedReality.Toolkit.Core.Definitions.Utilities.Editor.csproj", "{7B604E63-0AE0-270B-53BB-13B2E9166147}"
EndProject
Project("{FAE04EC0-301F-11D3-BF4B-00C04F79EFBC}") = "Microsoft.MixedReality.Toolkit.InputSystem.Inspectors", "Microsoft.MixedReality.Toolkit.InputSystem.Inspectors.csproj", "{2739FE12-252D-6337-9D46-56B76826295C}"
EndProject
Project("{FAE04EC0-301F-11D3-BF4B-00C04F79EFBC}") = "Microsoft.MixedReality.Toolkit.Core.Extensions.EditorClassExtensions", "Microsoft.MixedReality.Toolkit.Core.Extensions.EditorClassExtensions.csproj", "{9BC4E27B-6D2B-D103-CBD0-F5997215E955}"
EndProject
Project("{FAE04EC0-301F-11D3-BF4B-00C04F79EFBC}") = "Microsoft.MixedReality.Toolkit.Player", "Microsoft.MixedReality.Toolkit.Player.csproj", "{727B8E52-3D66-AE7B-BD38-F9D8FD88DD56}"
EndProject
Project("{FAE04EC0-301F-11D3-BF4B-00C04F79EFBC}") = "Microsoft.MixedReality.Toolkit.SDK.Player", "Microsoft.MixedReality.Toolkit.SDK.Player.csproj", "{ECBB42D1-A9C2-40B6-41A6-BA9CA760A185}"
EndProject
Project("{FAE04EC0-301F-11D3-BF4B-00C04F79EFBC}") = "Assembly-CSharp.Player", "Assembly-CSharp.Player.csproj", "{37CDCF3F-0389-B63F-5625-A1C74B87B5B7}"
EndProject
Project("{FAE04EC0-301F-11D3-BF4B-00C04F79EFBC}") = "Microsoft.MixedReality.Toolkit.Core.Utilities.Async.Player", "Microsoft.MixedReality.Toolkit.Core.Utilities.Async.Player.csproj", "{93D4B50D-1997-4325-9D9A-819B94F06722}"
EndProject
Project("{FAE04EC0-301F-11D3-BF4B-00C04F79EFBC}") = "Microsoft.MixedReality.Toolkit.InputSystem.Player", "Microsoft.MixedReality.Toolkit.InputSystem.Player.csproj", "{10C48E33-A9B0-AB94-AD94-A6D61373494D}"
EndProject
Global
	GlobalSection(SolutionConfigurationPlatforms) = preSolution
		Debug|Any CPU = Debug|Any CPU
		Release|Any CPU = Release|Any CPU
	EndGlobalSection
	GlobalSection(ProjectConfigurationPlatforms) = postSolution
		{79B9443B-F3FF-6E3A-268B-94C7A1E4C087}.Debug|Any CPU.ActiveCfg = Debug|Any CPU
		{79B9443B-F3FF-6E3A-268B-94C7A1E4C087}.Debug|Any CPU.Build.0 = Debug|Any CPU
		{79B9443B-F3FF-6E3A-268B-94C7A1E4C087}.Release|Any CPU.ActiveCfg = Release|Any CPU
		{79B9443B-F3FF-6E3A-268B-94C7A1E4C087}.Release|Any CPU.Build.0 = Release|Any CPU
		{5C93D92C-A879-6080-5E21-AA11950D45FC}.Debug|Any CPU.ActiveCfg = Debug|Any CPU
		{5C93D92C-A879-6080-5E21-AA11950D45FC}.Debug|Any CPU.Build.0 = Debug|Any CPU
		{5C93D92C-A879-6080-5E21-AA11950D45FC}.Release|Any CPU.ActiveCfg = Release|Any CPU
		{5C93D92C-A879-6080-5E21-AA11950D45FC}.Release|Any CPU.Build.0 = Release|Any CPU
		{68C448FB-29D4-B94B-EFF1-27CFE6DFEDF7}.Debug|Any CPU.ActiveCfg = Debug|Any CPU
		{68C448FB-29D4-B94B-EFF1-27CFE6DFEDF7}.Debug|Any CPU.Build.0 = Debug|Any CPU
		{68C448FB-29D4-B94B-EFF1-27CFE6DFEDF7}.Release|Any CPU.ActiveCfg = Release|Any CPU
		{68C448FB-29D4-B94B-EFF1-27CFE6DFEDF7}.Release|Any CPU.Build.0 = Release|Any CPU
		{C5391D26-C77E-E1FA-18E3-2636A95D5E8F}.Debug|Any CPU.ActiveCfg = Debug|Any CPU
		{C5391D26-C77E-E1FA-18E3-2636A95D5E8F}.Debug|Any CPU.Build.0 = Debug|Any CPU
		{C5391D26-C77E-E1FA-18E3-2636A95D5E8F}.Release|Any CPU.ActiveCfg = Release|Any CPU
		{C5391D26-C77E-E1FA-18E3-2636A95D5E8F}.Release|Any CPU.Build.0 = Release|Any CPU
		{59A0F5A0-7261-4A1A-09B4-6FCE6E72D2F2}.Debug|Any CPU.ActiveCfg = Debug|Any CPU
		{59A0F5A0-7261-4A1A-09B4-6FCE6E72D2F2}.Debug|Any CPU.Build.0 = Debug|Any CPU
		{59A0F5A0-7261-4A1A-09B4-6FCE6E72D2F2}.Release|Any CPU.ActiveCfg = Release|Any CPU
		{59A0F5A0-7261-4A1A-09B4-6FCE6E72D2F2}.Release|Any CPU.Build.0 = Release|Any CPU
		{E37B2974-B0A3-9AB6-A2D5-7FC18FDBAF30}.Debug|Any CPU.ActiveCfg = Debug|Any CPU
		{E37B2974-B0A3-9AB6-A2D5-7FC18FDBAF30}.Debug|Any CPU.Build.0 = Debug|Any CPU
		{E37B2974-B0A3-9AB6-A2D5-7FC18FDBAF30}.Release|Any CPU.ActiveCfg = Release|Any CPU
		{E37B2974-B0A3-9AB6-A2D5-7FC18FDBAF30}.Release|Any CPU.Build.0 = Release|Any CPU
		{FFEFB666-7B1C-44F1-0483-47AFE08BD83E}.Debug|Any CPU.ActiveCfg = Debug|Any CPU
		{FFEFB666-7B1C-44F1-0483-47AFE08BD83E}.Debug|Any CPU.Build.0 = Debug|Any CPU
		{FFEFB666-7B1C-44F1-0483-47AFE08BD83E}.Release|Any CPU.ActiveCfg = Release|Any CPU
		{FFEFB666-7B1C-44F1-0483-47AFE08BD83E}.Release|Any CPU.Build.0 = Release|Any CPU
		{E2778B43-6D1C-90D9-5A65-EA0D64E3B128}.Debug|Any CPU.ActiveCfg = Debug|Any CPU
		{E2778B43-6D1C-90D9-5A65-EA0D64E3B128}.Debug|Any CPU.Build.0 = Debug|Any CPU
		{E2778B43-6D1C-90D9-5A65-EA0D64E3B128}.Release|Any CPU.ActiveCfg = Release|Any CPU
		{E2778B43-6D1C-90D9-5A65-EA0D64E3B128}.Release|Any CPU.Build.0 = Release|Any CPU
		{896FE200-14D2-FB2E-32FF-4A59DFBD23ED}.Debug|Any CPU.ActiveCfg = Debug|Any CPU
		{896FE200-14D2-FB2E-32FF-4A59DFBD23ED}.Debug|Any CPU.Build.0 = Debug|Any CPU
		{896FE200-14D2-FB2E-32FF-4A59DFBD23ED}.Release|Any CPU.ActiveCfg = Release|Any CPU
		{896FE200-14D2-FB2E-32FF-4A59DFBD23ED}.Release|Any CPU.Build.0 = Release|Any CPU
		{7B604E63-0AE0-270B-53BB-13B2E9166147}.Debug|Any CPU.ActiveCfg = Debug|Any CPU
		{7B604E63-0AE0-270B-53BB-13B2E9166147}.Debug|Any CPU.Build.0 = Debug|Any CPU
		{7B604E63-0AE0-270B-53BB-13B2E9166147}.Release|Any CPU.ActiveCfg = Release|Any CPU
		{7B604E63-0AE0-270B-53BB-13B2E9166147}.Release|Any CPU.Build.0 = Release|Any CPU
		{2739FE12-252D-6337-9D46-56B76826295C}.Debug|Any CPU.ActiveCfg = Debug|Any CPU
		{2739FE12-252D-6337-9D46-56B76826295C}.Debug|Any CPU.Build.0 = Debug|Any CPU
		{2739FE12-252D-6337-9D46-56B76826295C}.Release|Any CPU.ActiveCfg = Release|Any CPU
		{2739FE12-252D-6337-9D46-56B76826295C}.Release|Any CPU.Build.0 = Release|Any CPU
		{9BC4E27B-6D2B-D103-CBD0-F5997215E955}.Debug|Any CPU.ActiveCfg = Debug|Any CPU
		{9BC4E27B-6D2B-D103-CBD0-F5997215E955}.Debug|Any CPU.Build.0 = Debug|Any CPU
		{9BC4E27B-6D2B-D103-CBD0-F5997215E955}.Release|Any CPU.ActiveCfg = Release|Any CPU
		{9BC4E27B-6D2B-D103-CBD0-F5997215E955}.Release|Any CPU.Build.0 = Release|Any CPU
		{727B8E52-3D66-AE7B-BD38-F9D8FD88DD56}.Debug|Any CPU.ActiveCfg = Debug|Any CPU
		{727B8E52-3D66-AE7B-BD38-F9D8FD88DD56}.Debug|Any CPU.Build.0 = Debug|Any CPU
		{727B8E52-3D66-AE7B-BD38-F9D8FD88DD56}.Release|Any CPU.ActiveCfg = Release|Any CPU
		{727B8E52-3D66-AE7B-BD38-F9D8FD88DD56}.Release|Any CPU.Build.0 = Release|Any CPU
		{ECBB42D1-A9C2-40B6-41A6-BA9CA760A185}.Debug|Any CPU.ActiveCfg = Debug|Any CPU
		{ECBB42D1-A9C2-40B6-41A6-BA9CA760A185}.Debug|Any CPU.Build.0 = Debug|Any CPU
		{ECBB42D1-A9C2-40B6-41A6-BA9CA760A185}.Release|Any CPU.ActiveCfg = Release|Any CPU
		{ECBB42D1-A9C2-40B6-41A6-BA9CA760A185}.Release|Any CPU.Build.0 = Release|Any CPU
		{37CDCF3F-0389-B63F-5625-A1C74B87B5B7}.Debug|Any CPU.ActiveCfg = Debug|Any CPU
		{37CDCF3F-0389-B63F-5625-A1C74B87B5B7}.Debug|Any CPU.Build.0 = Debug|Any CPU
		{37CDCF3F-0389-B63F-5625-A1C74B87B5B7}.Release|Any CPU.ActiveCfg = Release|Any CPU
		{37CDCF3F-0389-B63F-5625-A1C74B87B5B7}.Release|Any CPU.Build.0 = Release|Any CPU
		{93D4B50D-1997-4325-9D9A-819B94F06722}.Debug|Any CPU.ActiveCfg = Debug|Any CPU
		{93D4B50D-1997-4325-9D9A-819B94F06722}.Debug|Any CPU.Build.0 = Debug|Any CPU
		{93D4B50D-1997-4325-9D9A-819B94F06722}.Release|Any CPU.ActiveCfg = Release|Any CPU
		{93D4B50D-1997-4325-9D9A-819B94F06722}.Release|Any CPU.Build.0 = Release|Any CPU
		{10C48E33-A9B0-AB94-AD94-A6D61373494D}.Debug|Any CPU.ActiveCfg = Debug|Any CPU
		{10C48E33-A9B0-AB94-AD94-A6D61373494D}.Debug|Any CPU.Build.0 = Debug|Any CPU
		{10C48E33-A9B0-AB94-AD94-A6D61373494D}.Release|Any CPU.ActiveCfg = Release|Any CPU
		{10C48E33-A9B0-AB94-AD94-A6D61373494D}.Release|Any CPU.Build.0 = Release|Any CPU
	EndGlobalSection
	GlobalSection(SolutionProperties) = preSolution
		HideSolutionNode = FALSE
	EndGlobalSection
EndGlobal
