
Microsoft Visual Studio Solution File, Format Version 12.00
# Visual Studio 15
Project("{FAE04EC0-301F-11D3-BF4B-00C04F79EFBC}") = "Assembly-CSharp", "Assembly-CSharp.csproj", "{68C448FB-29D4-B94B-EFF1-27CFE6DFEDF7}"
EndProject
Project("{FAE04EC0-301F-11D3-BF4B-00C04F79EFBC}") = "Assembly-CSharp-Editor", "Assembly-CSharp-Editor.csproj", "{5997339E-A3D7-836C-0806-FCFA3C44B92C}"
EndProject
Global
	GlobalSection(SolutionConfigurationPlatforms) = preSolution
		Debug|Any CPU = Debug|Any CPU
		Release|Any CPU = Release|Any CPU
	EndGlobalSection
	GlobalSection(ProjectConfigurationPlatforms) = postSolution
		{68C448FB-29D4-B94B-EFF1-27CFE6DFEDF7}.Debug|Any CPU.ActiveCfg = Debug|Any CPU
		{68C448FB-29D4-B94B-EFF1-27CFE6DFEDF7}.Debug|Any CPU.Build.0 = Debug|Any CPU
		{68C448FB-29D4-B94B-EFF1-27CFE6DFEDF7}.Release|Any CPU.ActiveCfg = Release|Any CPU
		{68C448FB-29D4-B94B-EFF1-27CFE6DFEDF7}.Release|Any CPU.Build.0 = Release|Any CPU
		{5997339E-A3D7-836C-0806-FCFA3C44B92C}.Debug|Any CPU.ActiveCfg = Debug|Any CPU
		{5997339E-A3D7-836C-0806-FCFA3C44B92C}.Debug|Any CPU.Build.0 = Debug|Any CPU
		{5997339E-A3D7-836C-0806-FCFA3C44B92C}.Release|Any CPU.ActiveCfg = Release|Any CPU
		{5997339E-A3D7-836C-0806-FCFA3C44B92C}.Release|Any CPU.Build.0 = Release|Any CPU
	EndGlobalSection
	GlobalSection(SolutionProperties) = preSolution
		HideSolutionNode = FALSE
	EndGlobalSection
EndGlobal
